// !$*UTF8*$!
{
	archiveVersion = 1;
	classes = {
	};
	objectVersion = 46;
	objects = {

/* Begin PBXBuildFile section */
		1D497A8E1ED31F970092752D /* Main.storyboard in Resources */ = {isa = PBXBuildFile; fileRef = 1D497A8C1ED31F970092752D /* Main.storyboard */; };
		1DC1E63F1ED31ABF00F6CE5A /* ViewController.swift in Sources */ = {isa = PBXBuildFile; fileRef = 1DC1E63D1ED31ABF00F6CE5A /* ViewController.swift */; };
		1DCA28C41ECDFA010012E162 /* AppDelegate.swift in Sources */ = {isa = PBXBuildFile; fileRef = 1DCA28C31ECDFA010012E162 /* AppDelegate.swift */; };
		1DCA28CB1ECDFA010012E162 /* Assets.xcassets in Resources */ = {isa = PBXBuildFile; fileRef = 1DCA28CA1ECDFA010012E162 /* Assets.xcassets */; };
		1DCA28CE1ECDFA010012E162 /* LaunchScreen.storyboard in Resources */ = {isa = PBXBuildFile; fileRef = 1DCA28CC1ECDFA010012E162 /* LaunchScreen.storyboard */; };
		31A00B4FC523BFDBCE9F971F /* Pods_CPAdManagerExample.framework in Frameworks */ = {isa = PBXBuildFile; fileRef = 04DCAD4437D18819E533AFD7 /* Pods_CPAdManagerExample.framework */; };
/* End PBXBuildFile section */

/* Begin PBXFileReference section */
		04DCAD4437D18819E533AFD7 /* Pods_CPAdManagerExample.framework */ = {isa = PBXFileReference; explicitFileType = wrapper.framework; includeInIndex = 0; path = Pods_CPAdManagerExample.framework; sourceTree = BUILT_PRODUCTS_DIR; };
		1D497A8D1ED31F970092752D /* Base */ = {isa = PBXFileReference; lastKnownFileType = file.storyboard; name = Base; path = Base.lproj/Main.storyboard; sourceTree = "<group>"; };
		1DC1E63D1ED31ABF00F6CE5A /* ViewController.swift */ = {isa = PBXFileReference; fileEncoding = 4; lastKnownFileType = sourcecode.swift; path = ViewController.swift; sourceTree = "<group>"; };
		1DCA28C01ECDFA010012E162 /* CPAdManagerExample.app */ = {isa = PBXFileReference; explicitFileType = wrapper.application; includeInIndex = 0; path = CPAdManagerExample.app; sourceTree = BUILT_PRODUCTS_DIR; };
		1DCA28C31ECDFA010012E162 /* AppDelegate.swift */ = {isa = PBXFileReference; lastKnownFileType = sourcecode.swift; path = AppDelegate.swift; sourceTree = "<group>"; };
		1DCA28CA1ECDFA010012E162 /* Assets.xcassets */ = {isa = PBXFileReference; lastKnownFileType = folder.assetcatalog; path = Assets.xcassets; sourceTree = "<group>"; };
		1DCA28CD1ECDFA010012E162 /* Base */ = {isa = PBXFileReference; lastKnownFileType = file.storyboard; name = Base; path = Base.lproj/LaunchScreen.storyboard; sourceTree = "<group>"; };
		1DCA28CF1ECDFA010012E162 /* Info.plist */ = {isa = PBXFileReference; lastKnownFileType = text.plist.xml; path = Info.plist; sourceTree = "<group>"; };
		36AA32DA96E555DA2CF4D3A0 /* Pods-CPAdManagerExample.debug.xcconfig */ = {isa = PBXFileReference; includeInIndex = 1; lastKnownFileType = text.xcconfig; name = "Pods-CPAdManagerExample.debug.xcconfig"; path = "Pods/Target Support Files/Pods-CPAdManagerExample/Pods-CPAdManagerExample.debug.xcconfig"; sourceTree = "<group>"; };
		D72175CE2E8654D3529555BF /* Pods-CPAdManagerExample.release.xcconfig */ = {isa = PBXFileReference; includeInIndex = 1; lastKnownFileType = text.xcconfig; name = "Pods-CPAdManagerExample.release.xcconfig"; path = "Pods/Target Support Files/Pods-CPAdManagerExample/Pods-CPAdManagerExample.release.xcconfig"; sourceTree = "<group>"; };
/* End PBXFileReference section */

/* Begin PBXFrameworksBuildPhase section */
		1DCA28BD1ECDFA010012E162 /* Frameworks */ = {
			isa = PBXFrameworksBuildPhase;
			buildActionMask = 2147483647;
			files = (
				31A00B4FC523BFDBCE9F971F /* Pods_CPAdManagerExample.framework in Frameworks */,
			);
			runOnlyForDeploymentPostprocessing = 0;
		};
/* End PBXFrameworksBuildPhase section */

/* Begin PBXGroup section */
		1DC1E63C1ED31AA500F6CE5A /* Example */ = {
			isa = PBXGroup;
			children = (
				1D497A8C1ED31F970092752D /* Main.storyboard */,
				1DC1E63D1ED31ABF00F6CE5A /* ViewController.swift */,
			);
			name = Example;
			path = ../Example;
			sourceTree = "<group>";
		};
		1DCA28B71ECDFA010012E162 = {
			isa = PBXGroup;
			children = (
				1DC1E63C1ED31AA500F6CE5A /* Example */,
				1DCA28C21ECDFA010012E162 /* CPAdManagerExample */,
				1DCA28C11ECDFA010012E162 /* Products */,
				CA2677C5988F9B7DAFD887B9 /* Pods */,
				ED1C87E52EC1B3125F930A1F /* Frameworks */,
			);
			sourceTree = "<group>";
		};
		1DCA28C11ECDFA010012E162 /* Products */ = {
			isa = PBXGroup;
			children = (
				1DCA28C01ECDFA010012E162 /* CPAdManagerExample.app */,
			);
			name = Products;
			sourceTree = "<group>";
		};
		1DCA28C21ECDFA010012E162 /* CPAdManagerExample */ = {
			isa = PBXGroup;
			children = (
				1DCA28C31ECDFA010012E162 /* AppDelegate.swift */,
				1DCA28CA1ECDFA010012E162 /* Assets.xcassets */,
				1DCA28CC1ECDFA010012E162 /* LaunchScreen.storyboard */,
				1DCA28CF1ECDFA010012E162 /* Info.plist */,
			);
			path = CPAdManagerExample;
			sourceTree = "<group>";
		};
		CA2677C5988F9B7DAFD887B9 /* Pods */ = {
			isa = PBXGroup;
			children = (
				36AA32DA96E555DA2CF4D3A0 /* Pods-CPAdManagerExample.debug.xcconfig */,
				D72175CE2E8654D3529555BF /* Pods-CPAdManagerExample.release.xcconfig */,
			);
			name = Pods;
			sourceTree = "<group>";
		};
		ED1C87E52EC1B3125F930A1F /* Frameworks */ = {
			isa = PBXGroup;
			children = (
				04DCAD4437D18819E533AFD7 /* Pods_CPAdManagerExample.framework */,
			);
			name = Frameworks;
			sourceTree = "<group>";
		};
/* End PBXGroup section */

/* Begin PBXNativeTarget section */
		1DCA28BF1ECDFA010012E162 /* CPAdManagerExample */ = {
			isa = PBXNativeTarget;
			buildConfigurationList = 1DCA28D21ECDFA010012E162 /* Build configuration list for PBXNativeTarget "CPAdManagerExample" */;
			buildPhases = (
				6CC2DF956F99A030C2255178 /* [CP] Check Pods Manifest.lock */,
				1DCA28BC1ECDFA010012E162 /* Sources */,
				1DCA28BD1ECDFA010012E162 /* Frameworks */,
				1DCA28BE1ECDFA010012E162 /* Resources */,
				9B535BB99A9E8E0F23023DDA /* [CP] Embed Pods Frameworks */,
				D11FC7B5D61103035D0EC5B8 /* [CP] Copy Pods Resources */,
			);
			buildRules = (
			);
			dependencies = (
			);
			name = CPAdManagerExample;
			productName = CPAdManagerExample;
			productReference = 1DCA28C01ECDFA010012E162 /* CPAdManagerExample.app */;
			productType = "com.apple.product-type.application";
		};
/* End PBXNativeTarget section */

/* Begin PBXProject section */
		1DCA28B81ECDFA010012E162 /* Project object */ = {
			isa = PBXProject;
			attributes = {
				LastSwiftUpdateCheck = 0830;
				LastUpgradeCheck = 0900;
				ORGANIZATIONNAME = ChopeIndustry;
				TargetAttributes = {
					1DCA28BF1ECDFA010012E162 = {
						CreatedOnToolsVersion = 8.3.2;
						DevelopmentTeam = JKB83V3G9Q;
						LastSwiftMigration = 0900;
						ProvisioningStyle = Automatic;
					};
				};
			};
			buildConfigurationList = 1DCA28BB1ECDFA010012E162 /* Build configuration list for PBXProject "CPAdManagerExample" */;
			compatibilityVersion = "Xcode 3.2";
			developmentRegion = English;
			hasScannedForEncodings = 0;
			knownRegions = (
				en,
				Base,
			);
			mainGroup = 1DCA28B71ECDFA010012E162;
			productRefGroup = 1DCA28C11ECDFA010012E162 /* Products */;
			projectDirPath = "";
			projectRoot = "";
			targets = (
				1DCA28BF1ECDFA010012E162 /* CPAdManagerExample */,
			);
		};
/* End PBXProject section */

/* Begin PBXResourcesBuildPhase section */
		1DCA28BE1ECDFA010012E162 /* Resources */ = {
			isa = PBXResourcesBuildPhase;
			buildActionMask = 2147483647;
			files = (
				1D497A8E1ED31F970092752D /* Main.storyboard in Resources */,
				1DCA28CE1ECDFA010012E162 /* LaunchScreen.storyboard in Resources */,
				1DCA28CB1ECDFA010012E162 /* Assets.xcassets in Resources */,
			);
			runOnlyForDeploymentPostprocessing = 0;
		};
/* End PBXResourcesBuildPhase section */

/* Begin PBXShellScriptBuildPhase section */
		6CC2DF956F99A030C2255178 /* [CP] Check Pods Manifest.lock */ = {
			isa = PBXShellScriptBuildPhase;
			buildActionMask = 2147483647;
			files = (
			);
			inputPaths = (
				"${PODS_PODFILE_DIR_PATH}/Podfile.lock",
				"${PODS_ROOT}/Manifest.lock",
			);
			name = "[CP] Check Pods Manifest.lock";
			outputPaths = (
				"$(DERIVED_FILE_DIR)/Pods-CPAdManagerExample-checkManifestLockResult.txt",
			);
			runOnlyForDeploymentPostprocessing = 0;
			shellPath = /bin/sh;
			shellScript = "diff \"${PODS_PODFILE_DIR_PATH}/Podfile.lock\" \"${PODS_ROOT}/Manifest.lock\" > /dev/null\nif [ $? != 0 ] ; then\n    # print error to STDERR\n    echo \"error: The sandbox is not in sync with the Podfile.lock. Run 'pod install' or update your CocoaPods installation.\" >&2\n    exit 1\nfi\n# This output is used by Xcode 'outputs' to avoid re-running this script phase.\necho \"SUCCESS\" > \"${SCRIPT_OUTPUT_FILE_0}\"\n";
			showEnvVarsInLog = 0;
		};
		9B535BB99A9E8E0F23023DDA /* [CP] Embed Pods Frameworks */ = {
			isa = PBXShellScriptBuildPhase;
			buildActionMask = 2147483647;
			files = (
			);
			inputPaths = (
				"${SRCROOT}/Pods/Target Support Files/Pods-CPAdManagerExample/Pods-CPAdManagerExample-frameworks.sh",
				"${BUILT_PRODUCTS_DIR}/CPAdManager/CPAdManager.framework",
				"${BUILT_PRODUCTS_DIR}/KVOController/KVOController.framework",
			);
			name = "[CP] Embed Pods Frameworks";
			outputPaths = (
				"${TARGET_BUILD_DIR}/${FRAMEWORKS_FOLDER_PATH}/CPAdManager.framework",
				"${TARGET_BUILD_DIR}/${FRAMEWORKS_FOLDER_PATH}/KVOController.framework",
			);
			runOnlyForDeploymentPostprocessing = 0;
			shellPath = /bin/sh;
			shellScript = "\"${SRCROOT}/Pods/Target Support Files/Pods-CPAdManagerExample/Pods-CPAdManagerExample-frameworks.sh\"\n";
			showEnvVarsInLog = 0;
		};
		D11FC7B5D61103035D0EC5B8 /* [CP] Copy Pods Resources */ = {
			isa = PBXShellScriptBuildPhase;
			buildActionMask = 2147483647;
			files = (
			);
			inputPaths = (
			);
			name = "[CP] Copy Pods Resources";
			outputPaths = (
			);
			runOnlyForDeploymentPostprocessing = 0;
			shellPath = /bin/sh;
			shellScript = "\"${SRCROOT}/Pods/Target Support Files/Pods-CPAdManagerExample/Pods-CPAdManagerExample-resources.sh\"\n";
			showEnvVarsInLog = 0;
		};
/* End PBXShellScriptBuildPhase section */

/* Begin PBXSourcesBuildPhase section */
		1DCA28BC1ECDFA010012E162 /* Sources */ = {
			isa = PBXSourcesBuildPhase;
			buildActionMask = 2147483647;
			files = (
				1DC1E63F1ED31ABF00F6CE5A /* ViewController.swift in Sources */,
				1DCA28C41ECDFA010012E162 /* AppDelegate.swift in Sources */,
			);
			runOnlyForDeploymentPostprocessing = 0;
		};
/* End PBXSourcesBuildPhase section */

/* Begin PBXVariantGroup section */
		1D497A8C1ED31F970092752D /* Main.storyboard */ = {
			isa = PBXVariantGroup;
			children = (
				1D497A8D1ED31F970092752D /* Base */,
			);
			name = Main.storyboard;
			sourceTree = "<group>";
		};
		1DCA28CC1ECDFA010012E162 /* LaunchScreen.storyboard */ = {
			isa = PBXVariantGroup;
			children = (
				1DCA28CD1ECDFA010012E162 /* Base */,
			);
			name = LaunchScreen.storyboard;
			sourceTree = "<group>";
		};
/* End PBXVariantGroup section */

/* Begin XCBuildConfiguration section */
		1DCA28D01ECDFA010012E162 /* Debug */ = {
			isa = XCBuildConfiguration;
			buildSettings = {
				"CODE_SIGN_IDENTITY[sdk=iphoneos*]" = "iPhone Developer";
				IPHONEOS_DEPLOYMENT_TARGET = 8.0;
				ONLY_ACTIVE_ARCH = YES;
				SDKROOT = iphoneos;
			};
			name = Debug;
		};
		1DCA28D11ECDFA010012E162 /* Release */ = {
			isa = XCBuildConfiguration;
			buildSettings = {
				"CODE_SIGN_IDENTITY[sdk=iphoneos*]" = "iPhone Developer";
				IPHONEOS_DEPLOYMENT_TARGET = 8.0;
				SDKROOT = iphoneos;
			};
			name = Release;
		};
		1DCA28D31ECDFA010012E162 /* Debug */ = {
			isa = XCBuildConfiguration;
			baseConfigurationReference = 36AA32DA96E555DA2CF4D3A0 /* Pods-CPAdManagerExample.debug.xcconfig */;
			buildSettings = {
				ASSETCATALOG_COMPILER_APPICON_NAME = AppIcon;
				DEVELOPMENT_TEAM = JKB83V3G9Q;
				INFOPLIST_FILE = CPAdManagerExample/Info.plist;
				PRODUCT_BUNDLE_IDENTIFIER = net.chopestory.CPAdManagerExample;
				PRODUCT_NAME = "$(TARGET_NAME)";
				SWIFT_SWIFT3_OBJC_INFERENCE = On;
				SWIFT_VERSION = 4.0;
			};
			name = Debug;
		};
		1DCA28D41ECDFA010012E162 /* Release */ = {
			isa = XCBuildConfiguration;
			baseConfigurationReference = D72175CE2E8654D3529555BF /* Pods-CPAdManagerExample.release.xcconfig */;
			buildSettings = {
				ASSETCATALOG_COMPILER_APPICON_NAME = AppIcon;
				DEVELOPMENT_TEAM = JKB83V3G9Q;
				INFOPLIST_FILE = CPAdManagerExample/Info.plist;
				PRODUCT_BUNDLE_IDENTIFIER = net.chopestory.CPAdManagerExample;
				PRODUCT_NAME = "$(TARGET_NAME)";
				SWIFT_SWIFT3_OBJC_INFERENCE = On;
				SWIFT_VERSION = 4.0;
			};
			name = Release;
		};
/* End XCBuildConfiguration section */

/* Begin XCConfigurationList section */
		1DCA28BB1ECDFA010012E162 /* Build configuration list for PBXProject "CPAdManagerExample" */ = {
			isa = XCConfigurationList;
			buildConfigurations = (
				1DCA28D01ECDFA010012E162 /* Debug */,
				1DCA28D11ECDFA010012E162 /* Release */,
			);
			defaultConfigurationIsVisible = 0;
			defaultConfigurationName = Release;
		};
		1DCA28D21ECDFA010012E162 /* Build configuration list for PBXNativeTarget "CPAdManagerExample" */ = {
			isa = XCConfigurationList;
			buildConfigurations = (
				1DCA28D31ECDFA010012E162 /* Debug */,
				1DCA28D41ECDFA010012E162 /* Release */,
			);
			defaultConfigurationIsVisible = 0;
			defaultConfigurationName = Release;
		};
/* End XCConfigurationList section */
	};
	rootObject = 1DCA28B81ECDFA010012E162 /* Project object */;
}
