// !$*UTF8*$!
{
	archiveVersion = 1;
	classes = {
	};
	objectVersion = 46;
	objects = {

/* Begin PBXBuildFile section */
		1D497A911ED31FB60092752D /* Main.storyboard in Resources */ = {isa = PBXBuildFile; fileRef = 1D497A8F1ED31FB60092752D /* Main.storyboard */; };
		1DC1E6331ED0AD3300F6CE5A /* CPAdManager.framework in Frameworks */ = {isa = PBXBuildFile; fileRef = 1DC1E6321ED0AD3300F6CE5A /* CPAdManager.framework */; };
		1DC1E6341ED0AD3300F6CE5A /* CPAdManager.framework in Embed Frameworks */ = {isa = PBXBuildFile; fileRef = 1DC1E6321ED0AD3300F6CE5A /* CPAdManager.framework */; settings = {ATTRIBUTES = (CodeSignOnCopy, RemoveHeadersOnCopy, ); }; };
		1DC1E6441ED31C5600F6CE5A /* ViewController.swift in Sources */ = {isa = PBXBuildFile; fileRef = 1DC1E6421ED31C5600F6CE5A /* ViewController.swift */; };
		1DC1E6501ED31E8400F6CE5A /* FBAudienceNetwork.framework in Frameworks */ = {isa = PBXBuildFile; fileRef = 1DC1E64E1ED31E8400F6CE5A /* FBAudienceNetwork.framework */; };
		1DC1E6511ED31E8400F6CE5A /* GoogleMobileAds.framework in Frameworks */ = {isa = PBXBuildFile; fileRef = 1DC1E64F1ED31E8400F6CE5A /* GoogleMobileAds.framework */; };
		1DCA28C41ECDFA010012E162 /* AppDelegate.swift in Sources */ = {isa = PBXBuildFile; fileRef = 1DCA28C31ECDFA010012E162 /* AppDelegate.swift */; };
		1DCA28CB1ECDFA010012E162 /* Assets.xcassets in Resources */ = {isa = PBXBuildFile; fileRef = 1DCA28CA1ECDFA010012E162 /* Assets.xcassets */; };
		1DCA28CE1ECDFA010012E162 /* LaunchScreen.storyboard in Resources */ = {isa = PBXBuildFile; fileRef = 1DCA28CC1ECDFA010012E162 /* LaunchScreen.storyboard */; };
/* End PBXBuildFile section */

/* Begin PBXCopyFilesBuildPhase section */
		1DC1E6351ED0AD3300F6CE5A /* Embed Frameworks */ = {
			isa = PBXCopyFilesBuildPhase;
			buildActionMask = 2147483647;
			dstPath = "";
			dstSubfolderSpec = 10;
			files = (
				1DC1E6341ED0AD3300F6CE5A /* CPAdManager.framework in Embed Frameworks */,
			);
			name = "Embed Frameworks";
			runOnlyForDeploymentPostprocessing = 0;
		};
/* End PBXCopyFilesBuildPhase section */

/* Begin PBXFileReference section */
		1D497A901ED31FB60092752D /* Base */ = {isa = PBXFileReference; lastKnownFileType = file.storyboard; name = Base; path = Base.lproj/Main.storyboard; sourceTree = "<group>"; };
		1DC1E6321ED0AD3300F6CE5A /* CPAdManager.framework */ = {isa = PBXFileReference; lastKnownFileType = wrapper.framework; name = CPAdManager.framework; path = Carthage/Build/iOS/CPAdManager.framework; sourceTree = "<group>"; };
		1DC1E6421ED31C5600F6CE5A /* ViewController.swift */ = {isa = PBXFileReference; fileEncoding = 4; lastKnownFileType = sourcecode.swift; path = ViewController.swift; sourceTree = "<group>"; };
		1DC1E64E1ED31E8400F6CE5A /* FBAudienceNetwork.framework */ = {isa = PBXFileReference; lastKnownFileType = wrapper.framework; path = FBAudienceNetwork.framework; sourceTree = "<group>"; };
		1DC1E64F1ED31E8400F6CE5A /* GoogleMobileAds.framework */ = {isa = PBXFileReference; lastKnownFileType = wrapper.framework; path = GoogleMobileAds.framework; sourceTree = "<group>"; };
		1DCA28C01ECDFA010012E162 /* CPAdManagerExample.app */ = {isa = PBXFileReference; explicitFileType = wrapper.application; includeInIndex = 0; path = CPAdManagerExample.app; sourceTree = BUILT_PRODUCTS_DIR; };
		1DCA28C31ECDFA010012E162 /* AppDelegate.swift */ = {isa = PBXFileReference; lastKnownFileType = sourcecode.swift; path = AppDelegate.swift; sourceTree = "<group>"; };
		1DCA28CA1ECDFA010012E162 /* Assets.xcassets */ = {isa = PBXFileReference; lastKnownFileType = folder.assetcatalog; path = Assets.xcassets; sourceTree = "<group>"; };
		1DCA28CD1ECDFA010012E162 /* Base */ = {isa = PBXFileReference; lastKnownFileType = file.storyboard; name = Base; path = Base.lproj/LaunchScreen.storyboard; sourceTree = "<group>"; };
		1DCA28CF1ECDFA010012E162 /* Info.plist */ = {isa = PBXFileReference; lastKnownFileType = text.plist.xml; path = Info.plist; sourceTree = "<group>"; };
/* End PBXFileReference section */

/* Begin PBXFrameworksBuildPhase section */
		1DCA28BD1ECDFA010012E162 /* Frameworks */ = {
			isa = PBXFrameworksBuildPhase;
			buildActionMask = 2147483647;
			files = (
				1DC1E6511ED31E8400F6CE5A /* GoogleMobileAds.framework in Frameworks */,
				1DC1E6331ED0AD3300F6CE5A /* CPAdManager.framework in Frameworks */,
				1DC1E6501ED31E8400F6CE5A /* FBAudienceNetwork.framework in Frameworks */,
			);
			runOnlyForDeploymentPostprocessing = 0;
		};
/* End PBXFrameworksBuildPhase section */

/* Begin PBXGroup section */
		1DC1E6411ED31C3F00F6CE5A /* Example */ = {
			isa = PBXGroup;
			children = (
				1DC1E6421ED31C5600F6CE5A /* ViewController.swift */,
				1D497A8F1ED31FB60092752D /* Main.storyboard */,
			);
			name = Example;
			path = ../Example;
			sourceTree = "<group>";
		};
		1DCA28B71ECDFA010012E162 = {
			isa = PBXGroup;
			children = (
				1DC1E64E1ED31E8400F6CE5A /* FBAudienceNetwork.framework */,
				1DC1E64F1ED31E8400F6CE5A /* GoogleMobileAds.framework */,
				1DC1E6411ED31C3F00F6CE5A /* Example */,
				1DC1E6321ED0AD3300F6CE5A /* CPAdManager.framework */,
				1DCA28C21ECDFA010012E162 /* CPAdManagerExample */,
				1DCA28C11ECDFA010012E162 /* Products */,
			);
			sourceTree = "<group>";
		};
		1DCA28C11ECDFA010012E162 /* Products */ = {
			isa = PBXGroup;
			children = (
				1DCA28C01ECDFA010012E162 /* CPAdManagerExample.app */,
			);
			name = Products;
			sourceTree = "<group>";
		};
		1DCA28C21ECDFA010012E162 /* CPAdManagerExample */ = {
			isa = PBXGroup;
			children = (
				1DCA28C31ECDFA010012E162 /* AppDelegate.swift */,
				1DCA28CA1ECDFA010012E162 /* Assets.xcassets */,
				1DCA28CC1ECDFA010012E162 /* LaunchScreen.storyboard */,
				1DCA28CF1ECDFA010012E162 /* Info.plist */,
			);
			path = CPAdManagerExample;
			sourceTree = "<group>";
		};
/* End PBXGroup section */

/* Begin PBXNativeTarget section */
		1DCA28BF1ECDFA010012E162 /* CPAdManagerExample */ = {
			isa = PBXNativeTarget;
			buildConfigurationList = 1DCA28D21ECDFA010012E162 /* Build configuration list for PBXNativeTarget "CPAdManagerExample" */;
			buildPhases = (
				1DCA28BC1ECDFA010012E162 /* Sources */,
				1DCA28BD1ECDFA010012E162 /* Frameworks */,
				1DCA28BE1ECDFA010012E162 /* Resources */,
				1DC1E6351ED0AD3300F6CE5A /* Embed Frameworks */,
			);
			buildRules = (
			);
			dependencies = (
			);
			name = CPAdManagerExample;
			productName = CPAdManagerExample;
			productReference = 1DCA28C01ECDFA010012E162 /* CPAdManagerExample.app */;
			productType = "com.apple.product-type.application";
		};
/* End PBXNativeTarget section */

/* Begin PBXProject section */
		1DCA28B81ECDFA010012E162 /* Project object */ = {
			isa = PBXProject;
			attributes = {
				LastSwiftUpdateCheck = 0830;
				LastUpgradeCheck = 0830;
				ORGANIZATIONNAME = ChopeIndustry;
				TargetAttributes = {
					1DCA28BF1ECDFA010012E162 = {
						CreatedOnToolsVersion = 8.3.2;
						DevelopmentTeam = JKB83V3G9Q;
						ProvisioningStyle = Automatic;
					};
				};
			};
			buildConfigurationList = 1DCA28BB1ECDFA010012E162 /* Build configuration list for PBXProject "CPAdManagerExample" */;
			compatibilityVersion = "Xcode 3.2";
			developmentRegion = English;
			hasScannedForEncodings = 0;
			knownRegions = (
				en,
				Base,
			);
			mainGroup = 1DCA28B71ECDFA010012E162;
			productRefGroup = 1DCA28C11ECDFA010012E162 /* Products */;
			projectDirPath = "";
			projectRoot = "";
			targets = (
				1DCA28BF1ECDFA010012E162 /* CPAdManagerExample */,
			);
		};
/* End PBXProject section */

/* Begin PBXResourcesBuildPhase section */
		1DCA28BE1ECDFA010012E162 /* Resources */ = {
			isa = PBXResourcesBuildPhase;
			buildActionMask = 2147483647;
			files = (
				1D497A911ED31FB60092752D /* Main.storyboard in Resources */,
				1DCA28CE1ECDFA010012E162 /* LaunchScreen.storyboard in Resources */,
				1DCA28CB1ECDFA010012E162 /* Assets.xcassets in Resources */,
			);
			runOnlyForDeploymentPostprocessing = 0;
		};
/* End PBXResourcesBuildPhase section */

/* Begin PBXSourcesBuildPhase section */
		1DCA28BC1ECDFA010012E162 /* Sources */ = {
			isa = PBXSourcesBuildPhase;
			buildActionMask = 2147483647;
			files = (
				1DC1E6441ED31C5600F6CE5A /* ViewController.swift in Sources */,
				1DCA28C41ECDFA010012E162 /* AppDelegate.swift in Sources */,
			);
			runOnlyForDeploymentPostprocessing = 0;
		};
/* End PBXSourcesBuildPhase section */

/* Begin PBXVariantGroup section */
		1D497A8F1ED31FB60092752D /* Main.storyboard */ = {
			isa = PBXVariantGroup;
			children = (
				1D497A901ED31FB60092752D /* Base */,
			);
			name = Main.storyboard;
			sourceTree = "<group>";
		};
		1DCA28CC1ECDFA010012E162 /* LaunchScreen.storyboard */ = {
			isa = PBXVariantGroup;
			children = (
				1DCA28CD1ECDFA010012E162 /* Base */,
			);
			name = LaunchScreen.storyboard;
			sourceTree = "<group>";
		};
/* End PBXVariantGroup section */

/* Begin XCBuildConfiguration section */
		1DCA28D01ECDFA010012E162 /* Debug */ = {
			isa = XCBuildConfiguration;
			buildSettings = {
				ALWAYS_SEARCH_USER_PATHS = NO;
				CLANG_ANALYZER_NONNULL = YES;
				CLANG_ANALYZER_NUMBER_OBJECT_CONVERSION = YES_AGGRESSIVE;
				CLANG_CXX_LANGUAGE_STANDARD = "gnu++0x";
				CLANG_CXX_LIBRARY = "libc++";
				CLANG_ENABLE_MODULES = YES;
				CLANG_ENABLE_OBJC_ARC = YES;
				CLANG_WARN_BOOL_CONVERSION = YES;
				CLANG_WARN_CONSTANT_CONVERSION = YES;
				CLANG_WARN_DIRECT_OBJC_ISA_USAGE = YES_ERROR;
				CLANG_WARN_DOCUMENTATION_COMMENTS = YES;
				CLANG_WARN_EMPTY_BODY = YES;
				CLANG_WARN_ENUM_CONVERSION = YES;
				CLANG_WARN_INFINITE_RECURSION = YES;
				CLANG_WARN_INT_CONVERSION = YES;
				CLANG_WARN_OBJC_ROOT_CLASS = YES_ERROR;
				CLANG_WARN_SUSPICIOUS_MOVE = YES;
				CLANG_WARN_UNREACHABLE_CODE = YES;
				CLANG_WARN__DUPLICATE_METHOD_MATCH = YES;
				"CODE_SIGN_IDENTITY[sdk=iphoneos*]" = "iPhone Developer";
				COPY_PHASE_STRIP = NO;
				DEBUG_INFORMATION_FORMAT = dwarf;
				ENABLE_STRICT_OBJC_MSGSEND = YES;
				ENABLE_TESTABILITY = YES;
				GCC_C_LANGUAGE_STANDARD = gnu99;
				GCC_DYNAMIC_NO_PIC = NO;
				GCC_NO_COMMON_BLOCKS = YES;
				GCC_OPTIMIZATION_LEVEL = 0;
				GCC_PREPROCESSOR_DEFINITIONS = (
					"DEBUG=1",
					"$(inherited)",
				);
				GCC_WARN_64_TO_32_BIT_CONVERSION = YES;
				GCC_WARN_ABOUT_RETURN_TYPE = YES_ERROR;
				GCC_WARN_UNDECLARED_SELECTOR = YES;
				GCC_WARN_UNINITIALIZED_AUTOS = YES_AGGRESSIVE;
				GCC_WARN_UNUSED_FUNCTION = YES;
				GCC_WARN_UNUSED_VARIABLE = YES;
				IPHONEOS_DEPLOYMENT_TARGET = 8.0;
				MTL_ENABLE_DEBUG_INFO = YES;
				ONLY_ACTIVE_ARCH = YES;
				SDKROOT = iphoneos;
				SWIFT_ACTIVE_COMPILATION_CONDITIONS = DEBUG;
				SWIFT_OPTIMIZATION_LEVEL = "-Onone";
				TARGETED_DEVICE_FAMILY = "1,2";
			};
			name = Debug;
		};
		1DCA28D11ECDFA010012E162 /* Release */ = {
			isa = XCBuildConfiguration;
			buildSettings = {
				ALWAYS_SEARCH_USER_PATHS = NO;
				CLANG_ANALYZER_NONNULL = YES;
				CLANG_ANALYZER_NUMBER_OBJECT_CONVERSION = YES_AGGRESSIVE;
				CLANG_CXX_LANGUAGE_STANDARD = "gnu++0x";
				CLANG_CXX_LIBRARY = "libc++";
				CLANG_ENABLE_MODULES = YES;
				CLANG_ENABLE_OBJC_ARC = YES;
				CLANG_WARN_BOOL_CONVERSION = YES;
				CLANG_WARN_CONSTANT_CONVERSION = YES;
				CLANG_WARN_DIRECT_OBJC_ISA_USAGE = YES_ERROR;
				CLANG_WARN_DOCUMENTATION_COMMENTS = YES;
				CLANG_WARN_EMPTY_BODY = YES;
				CLANG_WARN_ENUM_CONVERSION = YES;
				CLANG_WARN_INFINITE_RECURSION = YES;
				CLANG_WARN_INT_CONVERSION = YES;
				CLANG_WARN_OBJC_ROOT_CLASS = YES_ERROR;
				CLANG_WARN_SUSPICIOUS_MOVE = YES;
				CLANG_WARN_UNREACHABLE_CODE = YES;
				CLANG_WARN__DUPLICATE_METHOD_MATCH = YES;
				"CODE_SIGN_IDENTITY[sdk=iphoneos*]" = "iPhone Developer";
				COPY_PHASE_STRIP = NO;
				DEBUG_INFORMATION_FORMAT = "dwarf-with-dsym";
				ENABLE_NS_ASSERTIONS = NO;
				ENABLE_STRICT_OBJC_MSGSEND = YES;
				GCC_C_LANGUAGE_STANDARD = gnu99;
				GCC_NO_COMMON_BLOCKS = YES;
				GCC_WARN_64_TO_32_BIT_CONVERSION = YES;
				GCC_WARN_ABOUT_RETURN_TYPE = YES_ERROR;
				GCC_WARN_UNDECLARED_SELECTOR = YES;
				GCC_WARN_UNINITIALIZED_AUTOS = YES_AGGRESSIVE;
				GCC_WARN_UNUSED_FUNCTION = YES;
				GCC_WARN_UNUSED_VARIABLE = YES;
				IPHONEOS_DEPLOYMENT_TARGET = 8.0;
				MTL_ENABLE_DEBUG_INFO = NO;
				SDKROOT = iphoneos;
				SWIFT_OPTIMIZATION_LEVEL = "-Owholemodule";
				TARGETED_DEVICE_FAMILY = "1,2";
				VALIDATE_PRODUCT = YES;
			};
			name = Release;
		};
		1DCA28D31ECDFA010012E162 /* Debug */ = {
			isa = XCBuildConfiguration;
			buildSettings = {
				ASSETCATALOG_COMPILER_APPICON_NAME = AppIcon;
				DEVELOPMENT_TEAM = JKB83V3G9Q;
				FRAMEWORK_SEARCH_PATHS = (
					"$(inherited)",
					"$(PROJECT_DIR)/Carthage/Build/iOS",
					"$(PROJECT_DIR)",
				);
				INFOPLIST_FILE = CPAdManagerExample/Info.plist;
				LD_RUNPATH_SEARCH_PATHS = "$(inherited) @executable_path/Frameworks";
				PRODUCT_BUNDLE_IDENTIFIER = net.chopestory.CPAdManagerExample;
				PRODUCT_NAME = "$(TARGET_NAME)";
				SWIFT_VERSION = 3.0;
			};
			name = Debug;
		};
		1DCA28D41ECDFA010012E162 /* Release */ = {
			isa = XCBuildConfiguration;
			buildSettings = {
				ASSETCATALOG_COMPILER_APPICON_NAME = AppIcon;
				DEVELOPMENT_TEAM = JKB83V3G9Q;
				FRAMEWORK_SEARCH_PATHS = (
					"$(inherited)",
					"$(PROJECT_DIR)/Carthage/Build/iOS",
					"$(PROJECT_DIR)",
				);
				INFOPLIST_FILE = CPAdManagerExample/Info.plist;
				LD_RUNPATH_SEARCH_PATHS = "$(inherited) @executable_path/Frameworks";
				PRODUCT_BUNDLE_IDENTIFIER = net.chopestory.CPAdManagerExample;
				PRODUCT_NAME = "$(TARGET_NAME)";
				SWIFT_VERSION = 3.0;
			};
			name = Release;
		};
/* End XCBuildConfiguration section */

/* Begin XCConfigurationList section */
		1DCA28BB1ECDFA010012E162 /* Build configuration list for PBXProject "CPAdManagerExample" */ = {
			isa = XCConfigurationList;
			buildConfigurations = (
				1DCA28D01ECDFA010012E162 /* Debug */,
				1DCA28D11ECDFA010012E162 /* Release */,
			);
			defaultConfigurationIsVisible = 0;
			defaultConfigurationName = Release;
		};
		1DCA28D21ECDFA010012E162 /* Build configuration list for PBXNativeTarget "CPAdManagerExample" */ = {
			isa = XCConfigurationList;
			buildConfigurations = (
				1DCA28D31ECDFA010012E162 /* Debug */,
				1DCA28D41ECDFA010012E162 /* Release */,
			);
			defaultConfigurationIsVisible = 0;
			defaultConfigurationName = Release;
		};
/* End XCConfigurationList section */
	};
	rootObject = 1DCA28B81ECDFA010012E162 /* Project object */;
}
