PODS:
  - CPAdManager (1.3.0)

DEPENDENCIES:
  - CPAdManager (from `../CPAdManager.podspec`)

EXTERNAL SOURCES:
  CPAdManager:
    :path: "../CPAdManager.podspec"

SPEC CHECKSUMS:
  CPAdManager: ae13ebd4a40fe8bb26e6836a9a8c77c95c7933e4

PODFILE CHECKSUM: 0215f5aa14e4b49694c3314df0794048c3eb7329

COCOAPODS: 1.2.1
