PODS:
  - CPAdManager (1.4.3):
    - KVOController
  - KVOController (1.2.0)

DEPENDENCIES:
  - CPAdManager (from `../CPAdManager.podspec`)

EXTERNAL SOURCES:
  CPAdManager:
    :path: ../CPAdManager.podspec

SPEC CHECKSUMS:
  CPAdManager: e1f7d0a239b06c2d10bbfe0bc9858a93450bbfc6
  KVOController: d72ace34afea42468329623b3379ab3cd1d286b6

PODFILE CHECKSUM: 80a9db8f06403beec2fd8168bb55a7595b239fad

COCOAPODS: 1.4.0.beta.1
