PODS:
  - CPAdManager (1.0.0)

DEPENDENCIES:
  - CPAdManager (from `../CPAdManager.podspec`)

EXTERNAL SOURCES:
  CPAdManager:
    :path: "../CPAdManager.podspec"

SPEC CHECKSUMS:
  CPAdManager: d817392732c008b594f25f29bb38c3037089d0b4

PODFILE CHECKSUM: 0215f5aa14e4b49694c3314df0794048c3eb7329

COCOAPODS: 1.2.1
